
Microsoft Visual Studio Solution File, Format Version 12.00
# Visual Studio 15
VisualStudioVersion = 15.0.27130.2027
MinimumVisualStudioVersion = 10.0.40219.1
Project("{FAE04EC0-301F-11D3-BF4B-00C04F79EFBC}") = "ICAN.SIC.Plugin.ICANSEE", "ICAN.SIC.Plugin.ICANSEE\ICAN.SIC.Plugin.ICANSEE.csproj", "{A39EB2DA-F9F3-4A5D-ABC8-BB9F55F092FE}"
EndProject
Project("{FAE04EC0-301F-11D3-BF4B-00C04F79EFBC}") = "ICAN.SIC.Plugin.ICANSEE.Host", "ICAN.SIC.Plugin.ICANSEE.Host\ICAN.SIC.Plugin.ICANSEE.Host.csproj", "{A4637D51-C5CB-448B-8A2D-AC26E1E56525}"
EndProject
Global
	GlobalSection(SolutionConfigurationPlatforms) = preSolution
		Debug|Any CPU = Debug|Any CPU
		Release|Any CPU = Release|Any CPU
	EndGlobalSection
	GlobalSection(ProjectConfigurationPlatforms) = postSolution
		{A39EB2DA-F9F3-4A5D-ABC8-BB9F55F092FE}.Debug|Any CPU.ActiveCfg = Debug|Any CPU
		{A39EB2DA-F9F3-4A5D-ABC8-BB9F55F092FE}.Debug|Any CPU.Build.0 = Debug|Any CPU
		{A39EB2DA-F9F3-4A5D-ABC8-BB9F55F092FE}.Release|Any CPU.ActiveCfg = Release|Any CPU
		{A39EB2DA-F9F3-4A5D-ABC8-BB9F55F092FE}.Release|Any CPU.Build.0 = Release|Any CPU
		{A4637D51-C5CB-448B-8A2D-AC26E1E56525}.Debug|Any CPU.ActiveCfg = Debug|Any CPU
		{A4637D51-C5CB-448B-8A2D-AC26E1E56525}.Debug|Any CPU.Build.0 = Debug|Any CPU
		{A4637D51-C5CB-448B-8A2D-AC26E1E56525}.Release|Any CPU.ActiveCfg = Release|Any CPU
		{A4637D51-C5CB-448B-8A2D-AC26E1E56525}.Release|Any CPU.Build.0 = Release|Any CPU
	EndGlobalSection
	GlobalSection(SolutionProperties) = preSolution
		HideSolutionNode = FALSE
	EndGlobalSection
	GlobalSection(ExtensibilityGlobals) = postSolution
		SolutionGuid = {1F582023-19E0-46AE-8CB6-C5E0867035E5}
	EndGlobalSection
EndGlobal
